
Microsoft Visual Studio Solution File, Format Version 12.00
# Visual Studio Version 17
VisualStudioVersion = 17.11.35222.181
MinimumVisualStudioVersion = 10.0.40219.1
Project("{FAE04EC0-301F-11D3-BF4B-00C04F79EFBC}") = "BeadandoTDJ", "BeadandoTDJ\BeadandoTDJ.csproj", "{BD4532D8-D8F4-40B0-A9E8-8066711A3F47}"
EndProject
Global
	GlobalSection(SolutionConfigurationPlatforms) = preSolution
		Debug|Any CPU = Debug|Any CPU
		Release|Any CPU = Release|Any CPU
	EndGlobalSection
	GlobalSection(ProjectConfigurationPlatforms) = postSolution
		{BD4532D8-D8F4-40B0-A9E8-8066711A3F47}.Debug|Any CPU.ActiveCfg = Debug|Any CPU
		{BD4532D8-D8F4-40B0-A9E8-8066711A3F47}.Debug|Any CPU.Build.0 = Debug|Any CPU
		{BD4532D8-D8F4-40B0-A9E8-8066711A3F47}.Release|Any CPU.ActiveCfg = Release|Any CPU
		{BD4532D8-D8F4-40B0-A9E8-8066711A3F47}.Release|Any CPU.Build.0 = Release|Any CPU
	EndGlobalSection
	GlobalSection(SolutionProperties) = preSolution
		HideSolutionNode = FALSE
	EndGlobalSection
	GlobalSection(ExtensibilityGlobals) = postSolution
		SolutionGuid = {C538E1C5-12DC-49BE-89C6-E990690F22AD}
	EndGlobalSection
EndGlobal
